
Microsoft Visual Studio Solution File, Format Version 12.00
# Visual Studio Version 17
VisualStudioVersion = 17.11.35222.181
MinimumVisualStudioVersion = 10.0.40219.1
Project("{FAE04EC0-301F-11D3-BF4B-00C04F79EFBC}") = "ColorSummarizer", "ColorSummarizer.csproj", "{3BA18420-D013-4F95-86FB-774230491F2A}"
EndProject
Global
	GlobalSection(SolutionConfigurationPlatforms) = preSolution
		Debug|Any CPU = Debug|Any CPU
		Release|Any CPU = Release|Any CPU
	EndGlobalSection
	GlobalSection(ProjectConfigurationPlatforms) = postSolution
		{3BA18420-D013-4F95-86FB-774230491F2A}.Debug|Any CPU.ActiveCfg = Debug|Any CPU
		{3BA18420-D013-4F95-86FB-774230491F2A}.Debug|Any CPU.Build.0 = Debug|Any CPU
		{3BA18420-D013-4F95-86FB-774230491F2A}.Release|Any CPU.ActiveCfg = Release|Any CPU
		{3BA18420-D013-4F95-86FB-774230491F2A}.Release|Any CPU.Build.0 = Release|Any CPU
	EndGlobalSection
	GlobalSection(SolutionProperties) = preSolution
		HideSolutionNode = FALSE
	EndGlobalSection
	GlobalSection(ExtensibilityGlobals) = postSolution
		SolutionGuid = {5C0E3DF6-ABCF-4E76-82B3-0FB1FE86E140}
	EndGlobalSection
EndGlobal
